
Microsoft Visual Studio Solution File, Format Version 12.00
# Visual Studio Version 17
VisualStudioVersion = 17.14.36127.28 d17.14
MinimumVisualStudioVersion = 10.0.40219.1
Project("{FAE04EC0-301F-11D3-BF4B-00C04F79EFBC}") = "Task7", "Task7\Task7.csproj", "{132B72F4-D5A8-4CD1-9F0B-4C383A3DFD3B}"
EndProject
Global
	GlobalSection(SolutionConfigurationPlatforms) = preSolution
		Debug|Any CPU = Debug|Any CPU
		Release|Any CPU = Release|Any CPU
	EndGlobalSection
	GlobalSection(ProjectConfigurationPlatforms) = postSolution
		{132B72F4-D5A8-4CD1-9F0B-4C383A3DFD3B}.Debug|Any CPU.ActiveCfg = Debug|Any CPU
		{132B72F4-D5A8-4CD1-9F0B-4C383A3DFD3B}.Debug|Any CPU.Build.0 = Debug|Any CPU
		{132B72F4-D5A8-4CD1-9F0B-4C383A3DFD3B}.Release|Any CPU.ActiveCfg = Release|Any CPU
		{132B72F4-D5A8-4CD1-9F0B-4C383A3DFD3B}.Release|Any CPU.Build.0 = Release|Any CPU
	EndGlobalSection
	GlobalSection(SolutionProperties) = preSolution
		HideSolutionNode = FALSE
	EndGlobalSection
	GlobalSection(ExtensibilityGlobals) = postSolution
		SolutionGuid = {7777A65B-C729-43B2-BF0F-B6D4E8CFC7C1}
	EndGlobalSection
EndGlobal
